
Microsoft Visual Studio Solution File, Format Version 12.00
# Visual Studio 14
VisualStudioVersion = 14.0.25420.1
MinimumVisualStudioVersion = 10.0.40219.1
Project("{FAE04EC0-301F-11D3-BF4B-00C04F79EFBC}") = "MultiCurrencyWallet", "MultiCurrencyWallet\MultiCurrencyWallet\MultiCurrencyWallet.csproj", "{3169D5A5-6524-48A2-A0B4-5DBFCFB8871F}"
EndProject
Project("{FAE04EC0-301F-11D3-BF4B-00C04F79EFBC}") = "MultiCurrencyWallet.Droid", "MultiCurrencyWallet\MultiCurrencyWallet.Droid\MultiCurrencyWallet.Droid.csproj", "{653CAC8D-50DE-4047-AE10-F83F86C6F30C}"
EndProject
Project("{FAE04EC0-301F-11D3-BF4B-00C04F79EFBC}") = "MultiCurrencyWallet.UWP", "MultiCurrencyWallet\MultiCurrencyWallet.UWP\MultiCurrencyWallet.UWP.csproj", "{1AA2BA31-BCC5-4246-9E92-ED9C3796B6B6}"
EndProject
Global
	GlobalSection(SolutionConfigurationPlatforms) = preSolution
		Ad-Hoc|Any CPU = Ad-Hoc|Any CPU
		Ad-Hoc|ARM = Ad-Hoc|ARM
		Ad-Hoc|iPhone = Ad-Hoc|iPhone
		Ad-Hoc|iPhoneSimulator = Ad-Hoc|iPhoneSimulator
		Ad-Hoc|x64 = Ad-Hoc|x64
		Ad-Hoc|x86 = Ad-Hoc|x86
		AppStore|Any CPU = AppStore|Any CPU
		AppStore|ARM = AppStore|ARM
		AppStore|iPhone = AppStore|iPhone
		AppStore|iPhoneSimulator = AppStore|iPhoneSimulator
		AppStore|x64 = AppStore|x64
		AppStore|x86 = AppStore|x86
		Debug|Any CPU = Debug|Any CPU
		Debug|ARM = Debug|ARM
		Debug|iPhone = Debug|iPhone
		Debug|iPhoneSimulator = Debug|iPhoneSimulator
		Debug|x64 = Debug|x64
		Debug|x86 = Debug|x86
		Release|Any CPU = Release|Any CPU
		Release|ARM = Release|ARM
		Release|iPhone = Release|iPhone
		Release|iPhoneSimulator = Release|iPhoneSimulator
		Release|x64 = Release|x64
		Release|x86 = Release|x86
	EndGlobalSection
	GlobalSection(ProjectConfigurationPlatforms) = postSolution
		{3169D5A5-6524-48A2-A0B4-5DBFCFB8871F}.Ad-Hoc|Any CPU.ActiveCfg = Release|Any CPU
		{3169D5A5-6524-48A2-A0B4-5DBFCFB8871F}.Ad-Hoc|Any CPU.Build.0 = Release|Any CPU
		{3169D5A5-6524-48A2-A0B4-5DBFCFB8871F}.Ad-Hoc|ARM.ActiveCfg = Release|Any CPU
		{3169D5A5-6524-48A2-A0B4-5DBFCFB8871F}.Ad-Hoc|ARM.Build.0 = Release|Any CPU
		{3169D5A5-6524-48A2-A0B4-5DBFCFB8871F}.Ad-Hoc|iPhone.ActiveCfg = Release|Any CPU
		{3169D5A5-6524-48A2-A0B4-5DBFCFB8871F}.Ad-Hoc|iPhone.Build.0 = Release|Any CPU
		{3169D5A5-6524-48A2-A0B4-5DBFCFB8871F}.Ad-Hoc|iPhoneSimulator.ActiveCfg = Release|Any CPU
		{3169D5A5-6524-48A2-A0B4-5DBFCFB8871F}.Ad-Hoc|iPhoneSimulator.Build.0 = Release|Any CPU
		{3169D5A5-6524-48A2-A0B4-5DBFCFB8871F}.Ad-Hoc|x64.ActiveCfg = Release|Any CPU
		{3169D5A5-6524-48A2-A0B4-5DBFCFB8871F}.Ad-Hoc|x64.Build.0 = Release|Any CPU
		{3169D5A5-6524-48A2-A0B4-5DBFCFB8871F}.Ad-Hoc|x86.ActiveCfg = Release|Any CPU
		{3169D5A5-6524-48A2-A0B4-5DBFCFB8871F}.Ad-Hoc|x86.Build.0 = Release|Any CPU
		{3169D5A5-6524-48A2-A0B4-5DBFCFB8871F}.AppStore|Any CPU.ActiveCfg = Release|Any CPU
		{3169D5A5-6524-48A2-A0B4-5DBFCFB8871F}.AppStore|Any CPU.Build.0 = Release|Any CPU
		{3169D5A5-6524-48A2-A0B4-5DBFCFB8871F}.AppStore|ARM.ActiveCfg = Release|Any CPU
		{3169D5A5-6524-48A2-A0B4-5DBFCFB8871F}.AppStore|ARM.Build.0 = Release|Any CPU
		{3169D5A5-6524-48A2-A0B4-5DBFCFB8871F}.AppStore|iPhone.ActiveCfg = Release|Any CPU
		{3169D5A5-6524-48A2-A0B4-5DBFCFB8871F}.AppStore|iPhone.Build.0 = Release|Any CPU
		{3169D5A5-6524-48A2-A0B4-5DBFCFB8871F}.AppStore|iPhoneSimulator.ActiveCfg = Release|Any CPU
		{3169D5A5-6524-48A2-A0B4-5DBFCFB8871F}.AppStore|iPhoneSimulator.Build.0 = Release|Any CPU
		{3169D5A5-6524-48A2-A0B4-5DBFCFB8871F}.AppStore|x64.ActiveCfg = Release|Any CPU
		{3169D5A5-6524-48A2-A0B4-5DBFCFB8871F}.AppStore|x64.Build.0 = Release|Any CPU
		{3169D5A5-6524-48A2-A0B4-5DBFCFB8871F}.AppStore|x86.ActiveCfg = Release|Any CPU
		{3169D5A5-6524-48A2-A0B4-5DBFCFB8871F}.AppStore|x86.Build.0 = Release|Any CPU
		{3169D5A5-6524-48A2-A0B4-5DBFCFB8871F}.Debug|Any CPU.ActiveCfg = Debug|Any CPU
		{3169D5A5-6524-48A2-A0B4-5DBFCFB8871F}.Debug|Any CPU.Build.0 = Debug|Any CPU
		{3169D5A5-6524-48A2-A0B4-5DBFCFB8871F}.Debug|ARM.ActiveCfg = Debug|Any CPU
		{3169D5A5-6524-48A2-A0B4-5DBFCFB8871F}.Debug|ARM.Build.0 = Debug|Any CPU
		{3169D5A5-6524-48A2-A0B4-5DBFCFB8871F}.Debug|iPhone.ActiveCfg = Debug|Any CPU
		{3169D5A5-6524-48A2-A0B4-5DBFCFB8871F}.Debug|iPhone.Build.0 = Debug|Any CPU
		{3169D5A5-6524-48A2-A0B4-5DBFCFB8871F}.Debug|iPhoneSimulator.ActiveCfg = Debug|Any CPU
		{3169D5A5-6524-48A2-A0B4-5DBFCFB8871F}.Debug|iPhoneSimulator.Build.0 = Debug|Any CPU
		{3169D5A5-6524-48A2-A0B4-5DBFCFB8871F}.Debug|x64.ActiveCfg = Debug|Any CPU
		{3169D5A5-6524-48A2-A0B4-5DBFCFB8871F}.Debug|x64.Build.0 = Debug|Any CPU
		{3169D5A5-6524-48A2-A0B4-5DBFCFB8871F}.Debug|x86.ActiveCfg = Debug|Any CPU
		{3169D5A5-6524-48A2-A0B4-5DBFCFB8871F}.Debug|x86.Build.0 = Debug|Any CPU
		{3169D5A5-6524-48A2-A0B4-5DBFCFB8871F}.Release|Any CPU.ActiveCfg = Release|Any CPU
		{3169D5A5-6524-48A2-A0B4-5DBFCFB8871F}.Release|Any CPU.Build.0 = Release|Any CPU
		{3169D5A5-6524-48A2-A0B4-5DBFCFB8871F}.Release|ARM.ActiveCfg = Release|Any CPU
		{3169D5A5-6524-48A2-A0B4-5DBFCFB8871F}.Release|ARM.Build.0 = Release|Any CPU
		{3169D5A5-6524-48A2-A0B4-5DBFCFB8871F}.Release|iPhone.ActiveCfg = Release|Any CPU
		{3169D5A5-6524-48A2-A0B4-5DBFCFB8871F}.Release|iPhone.Build.0 = Release|Any CPU
		{3169D5A5-6524-48A2-A0B4-5DBFCFB8871F}.Release|iPhoneSimulator.ActiveCfg = Release|Any CPU
		{3169D5A5-6524-48A2-A0B4-5DBFCFB8871F}.Release|iPhoneSimulator.Build.0 = Release|Any CPU
		{3169D5A5-6524-48A2-A0B4-5DBFCFB8871F}.Release|x64.ActiveCfg = Release|Any CPU
		{3169D5A5-6524-48A2-A0B4-5DBFCFB8871F}.Release|x64.Build.0 = Release|Any CPU
		{3169D5A5-6524-48A2-A0B4-5DBFCFB8871F}.Release|x86.ActiveCfg = Release|Any CPU
		{3169D5A5-6524-48A2-A0B4-5DBFCFB8871F}.Release|x86.Build.0 = Release|Any CPU
		{653CAC8D-50DE-4047-AE10-F83F86C6F30C}.Ad-Hoc|Any CPU.ActiveCfg = Release|Any CPU
		{653CAC8D-50DE-4047-AE10-F83F86C6F30C}.Ad-Hoc|Any CPU.Build.0 = Release|Any CPU
		{653CAC8D-50DE-4047-AE10-F83F86C6F30C}.Ad-Hoc|Any CPU.Deploy.0 = Release|Any CPU
		{653CAC8D-50DE-4047-AE10-F83F86C6F30C}.Ad-Hoc|ARM.ActiveCfg = Release|Any CPU
		{653CAC8D-50DE-4047-AE10-F83F86C6F30C}.Ad-Hoc|ARM.Build.0 = Release|Any CPU
		{653CAC8D-50DE-4047-AE10-F83F86C6F30C}.Ad-Hoc|ARM.Deploy.0 = Release|Any CPU
		{653CAC8D-50DE-4047-AE10-F83F86C6F30C}.Ad-Hoc|iPhone.ActiveCfg = Release|Any CPU
		{653CAC8D-50DE-4047-AE10-F83F86C6F30C}.Ad-Hoc|iPhone.Build.0 = Release|Any CPU
		{653CAC8D-50DE-4047-AE10-F83F86C6F30C}.Ad-Hoc|iPhone.Deploy.0 = Release|Any CPU
		{653CAC8D-50DE-4047-AE10-F83F86C6F30C}.Ad-Hoc|iPhoneSimulator.ActiveCfg = Release|Any CPU
		{653CAC8D-50DE-4047-AE10-F83F86C6F30C}.Ad-Hoc|iPhoneSimulator.Build.0 = Release|Any CPU
		{653CAC8D-50DE-4047-AE10-F83F86C6F30C}.Ad-Hoc|iPhoneSimulator.Deploy.0 = Release|Any CPU
		{653CAC8D-50DE-4047-AE10-F83F86C6F30C}.Ad-Hoc|x64.ActiveCfg = Release|Any CPU
		{653CAC8D-50DE-4047-AE10-F83F86C6F30C}.Ad-Hoc|x64.Build.0 = Release|Any CPU
		{653CAC8D-50DE-4047-AE10-F83F86C6F30C}.Ad-Hoc|x64.Deploy.0 = Release|Any CPU
		{653CAC8D-50DE-4047-AE10-F83F86C6F30C}.Ad-Hoc|x86.ActiveCfg = Release|Any CPU
		{653CAC8D-50DE-4047-AE10-F83F86C6F30C}.Ad-Hoc|x86.Build.0 = Release|Any CPU
		{653CAC8D-50DE-4047-AE10-F83F86C6F30C}.Ad-Hoc|x86.Deploy.0 = Release|Any CPU
		{653CAC8D-50DE-4047-AE10-F83F86C6F30C}.AppStore|Any CPU.ActiveCfg = Release|Any CPU
		{653CAC8D-50DE-4047-AE10-F83F86C6F30C}.AppStore|Any CPU.Build.0 = Release|Any CPU
		{653CAC8D-50DE-4047-AE10-F83F86C6F30C}.AppStore|Any CPU.Deploy.0 = Release|Any CPU
		{653CAC8D-50DE-4047-AE10-F83F86C6F30C}.AppStore|ARM.ActiveCfg = Release|Any CPU
		{653CAC8D-50DE-4047-AE10-F83F86C6F30C}.AppStore|ARM.Build.0 = Release|Any CPU
		{653CAC8D-50DE-4047-AE10-F83F86C6F30C}.AppStore|ARM.Deploy.0 = Release|Any CPU
		{653CAC8D-50DE-4047-AE10-F83F86C6F30C}.AppStore|iPhone.ActiveCfg = Release|Any CPU
		{653CAC8D-50DE-4047-AE10-F83F86C6F30C}.AppStore|iPhone.Build.0 = Release|Any CPU
		{653CAC8D-50DE-4047-AE10-F83F86C6F30C}.AppStore|iPhone.Deploy.0 = Release|Any CPU
		{653CAC8D-50DE-4047-AE10-F83F86C6F30C}.AppStore|iPhoneSimulator.ActiveCfg = Release|Any CPU
		{653CAC8D-50DE-4047-AE10-F83F86C6F30C}.AppStore|iPhoneSimulator.Build.0 = Release|Any CPU
		{653CAC8D-50DE-4047-AE10-F83F86C6F30C}.AppStore|iPhoneSimulator.Deploy.0 = Release|Any CPU
		{653CAC8D-50DE-4047-AE10-F83F86C6F30C}.AppStore|x64.ActiveCfg = Release|Any CPU
		{653CAC8D-50DE-4047-AE10-F83F86C6F30C}.AppStore|x64.Build.0 = Release|Any CPU
		{653CAC8D-50DE-4047-AE10-F83F86C6F30C}.AppStore|x64.Deploy.0 = Release|Any CPU
		{653CAC8D-50DE-4047-AE10-F83F86C6F30C}.AppStore|x86.ActiveCfg = Release|Any CPU
		{653CAC8D-50DE-4047-AE10-F83F86C6F30C}.AppStore|x86.Build.0 = Release|Any CPU
		{653CAC8D-50DE-4047-AE10-F83F86C6F30C}.AppStore|x86.Deploy.0 = Release|Any CPU
		{653CAC8D-50DE-4047-AE10-F83F86C6F30C}.Debug|Any CPU.ActiveCfg = Debug|Any CPU
		{653CAC8D-50DE-4047-AE10-F83F86C6F30C}.Debug|Any CPU.Build.0 = Debug|Any CPU
		{653CAC8D-50DE-4047-AE10-F83F86C6F30C}.Debug|Any CPU.Deploy.0 = Debug|Any CPU
		{653CAC8D-50DE-4047-AE10-F83F86C6F30C}.Debug|ARM.ActiveCfg = Debug|Any CPU
		{653CAC8D-50DE-4047-AE10-F83F86C6F30C}.Debug|ARM.Build.0 = Debug|Any CPU
		{653CAC8D-50DE-4047-AE10-F83F86C6F30C}.Debug|ARM.Deploy.0 = Debug|Any CPU
		{653CAC8D-50DE-4047-AE10-F83F86C6F30C}.Debug|iPhone.ActiveCfg = Debug|Any CPU
		{653CAC8D-50DE-4047-AE10-F83F86C6F30C}.Debug|iPhone.Build.0 = Debug|Any CPU
		{653CAC8D-50DE-4047-AE10-F83F86C6F30C}.Debug|iPhone.Deploy.0 = Debug|Any CPU
		{653CAC8D-50DE-4047-AE10-F83F86C6F30C}.Debug|iPhoneSimulator.ActiveCfg = Debug|Any CPU
		{653CAC8D-50DE-4047-AE10-F83F86C6F30C}.Debug|iPhoneSimulator.Build.0 = Debug|Any CPU
		{653CAC8D-50DE-4047-AE10-F83F86C6F30C}.Debug|iPhoneSimulator.Deploy.0 = Debug|Any CPU
		{653CAC8D-50DE-4047-AE10-F83F86C6F30C}.Debug|x64.ActiveCfg = Debug|Any CPU
		{653CAC8D-50DE-4047-AE10-F83F86C6F30C}.Debug|x64.Build.0 = Debug|Any CPU
		{653CAC8D-50DE-4047-AE10-F83F86C6F30C}.Debug|x64.Deploy.0 = Debug|Any CPU
		{653CAC8D-50DE-4047-AE10-F83F86C6F30C}.Debug|x86.ActiveCfg = Debug|Any CPU
		{653CAC8D-50DE-4047-AE10-F83F86C6F30C}.Debug|x86.Build.0 = Debug|Any CPU
		{653CAC8D-50DE-4047-AE10-F83F86C6F30C}.Debug|x86.Deploy.0 = Debug|Any CPU
		{653CAC8D-50DE-4047-AE10-F83F86C6F30C}.Release|Any CPU.ActiveCfg = Release|Any CPU
		{653CAC8D-50DE-4047-AE10-F83F86C6F30C}.Release|Any CPU.Build.0 = Release|Any CPU
		{653CAC8D-50DE-4047-AE10-F83F86C6F30C}.Release|Any CPU.Deploy.0 = Release|Any CPU
		{653CAC8D-50DE-4047-AE10-F83F86C6F30C}.Release|ARM.ActiveCfg = Release|Any CPU
		{653CAC8D-50DE-4047-AE10-F83F86C6F30C}.Release|ARM.Build.0 = Release|Any CPU
		{653CAC8D-50DE-4047-AE10-F83F86C6F30C}.Release|ARM.Deploy.0 = Release|Any CPU
		{653CAC8D-50DE-4047-AE10-F83F86C6F30C}.Release|iPhone.ActiveCfg = Release|Any CPU
		{653CAC8D-50DE-4047-AE10-F83F86C6F30C}.Release|iPhone.Build.0 = Release|Any CPU
		{653CAC8D-50DE-4047-AE10-F83F86C6F30C}.Release|iPhone.Deploy.0 = Release|Any CPU
		{653CAC8D-50DE-4047-AE10-F83F86C6F30C}.Release|iPhoneSimulator.ActiveCfg = Release|Any CPU
		{653CAC8D-50DE-4047-AE10-F83F86C6F30C}.Release|iPhoneSimulator.Build.0 = Release|Any CPU
		{653CAC8D-50DE-4047-AE10-F83F86C6F30C}.Release|iPhoneSimulator.Deploy.0 = Release|Any CPU
		{653CAC8D-50DE-4047-AE10-F83F86C6F30C}.Release|x64.ActiveCfg = Release|Any CPU
		{653CAC8D-50DE-4047-AE10-F83F86C6F30C}.Release|x64.Build.0 = Release|Any CPU
		{653CAC8D-50DE-4047-AE10-F83F86C6F30C}.Release|x64.Deploy.0 = Release|Any CPU
		{653CAC8D-50DE-4047-AE10-F83F86C6F30C}.Release|x86.ActiveCfg = Release|Any CPU
		{653CAC8D-50DE-4047-AE10-F83F86C6F30C}.Release|x86.Build.0 = Release|Any CPU
		{653CAC8D-50DE-4047-AE10-F83F86C6F30C}.Release|x86.Deploy.0 = Release|Any CPU
		{1AA2BA31-BCC5-4246-9E92-ED9C3796B6B6}.Ad-Hoc|Any CPU.ActiveCfg = Release|x86
		{1AA2BA31-BCC5-4246-9E92-ED9C3796B6B6}.Ad-Hoc|Any CPU.Build.0 = Release|x86
		{1AA2BA31-BCC5-4246-9E92-ED9C3796B6B6}.Ad-Hoc|Any CPU.Deploy.0 = Release|x86
		{1AA2BA31-BCC5-4246-9E92-ED9C3796B6B6}.Ad-Hoc|ARM.ActiveCfg = Release|ARM
		{1AA2BA31-BCC5-4246-9E92-ED9C3796B6B6}.Ad-Hoc|ARM.Build.0 = Release|ARM
		{1AA2BA31-BCC5-4246-9E92-ED9C3796B6B6}.Ad-Hoc|ARM.Deploy.0 = Release|ARM
		{1AA2BA31-BCC5-4246-9E92-ED9C3796B6B6}.Ad-Hoc|iPhone.ActiveCfg = Release|x86
		{1AA2BA31-BCC5-4246-9E92-ED9C3796B6B6}.Ad-Hoc|iPhone.Build.0 = Release|x86
		{1AA2BA31-BCC5-4246-9E92-ED9C3796B6B6}.Ad-Hoc|iPhone.Deploy.0 = Release|x86
		{1AA2BA31-BCC5-4246-9E92-ED9C3796B6B6}.Ad-Hoc|iPhoneSimulator.ActiveCfg = Release|x86
		{1AA2BA31-BCC5-4246-9E92-ED9C3796B6B6}.Ad-Hoc|iPhoneSimulator.Build.0 = Release|x86
		{1AA2BA31-BCC5-4246-9E92-ED9C3796B6B6}.Ad-Hoc|iPhoneSimulator.Deploy.0 = Release|x86
		{1AA2BA31-BCC5-4246-9E92-ED9C3796B6B6}.Ad-Hoc|x64.ActiveCfg = Release|x64
		{1AA2BA31-BCC5-4246-9E92-ED9C3796B6B6}.Ad-Hoc|x64.Build.0 = Release|x64
		{1AA2BA31-BCC5-4246-9E92-ED9C3796B6B6}.Ad-Hoc|x64.Deploy.0 = Release|x64
		{1AA2BA31-BCC5-4246-9E92-ED9C3796B6B6}.Ad-Hoc|x86.ActiveCfg = Release|x86
		{1AA2BA31-BCC5-4246-9E92-ED9C3796B6B6}.Ad-Hoc|x86.Build.0 = Release|x86
		{1AA2BA31-BCC5-4246-9E92-ED9C3796B6B6}.Ad-Hoc|x86.Deploy.0 = Release|x86
		{1AA2BA31-BCC5-4246-9E92-ED9C3796B6B6}.AppStore|Any CPU.ActiveCfg = Release|x86
		{1AA2BA31-BCC5-4246-9E92-ED9C3796B6B6}.AppStore|Any CPU.Build.0 = Release|x86
		{1AA2BA31-BCC5-4246-9E92-ED9C3796B6B6}.AppStore|Any CPU.Deploy.0 = Release|x86
		{1AA2BA31-BCC5-4246-9E92-ED9C3796B6B6}.AppStore|ARM.ActiveCfg = Release|ARM
		{1AA2BA31-BCC5-4246-9E92-ED9C3796B6B6}.AppStore|ARM.Build.0 = Release|ARM
		{1AA2BA31-BCC5-4246-9E92-ED9C3796B6B6}.AppStore|ARM.Deploy.0 = Release|ARM
		{1AA2BA31-BCC5-4246-9E92-ED9C3796B6B6}.AppStore|iPhone.ActiveCfg = Release|x86
		{1AA2BA31-BCC5-4246-9E92-ED9C3796B6B6}.AppStore|iPhone.Build.0 = Release|x86
		{1AA2BA31-BCC5-4246-9E92-ED9C3796B6B6}.AppStore|iPhone.Deploy.0 = Release|x86
		{1AA2BA31-BCC5-4246-9E92-ED9C3796B6B6}.AppStore|iPhoneSimulator.ActiveCfg = Release|x86
		{1AA2BA31-BCC5-4246-9E92-ED9C3796B6B6}.AppStore|iPhoneSimulator.Build.0 = Release|x86
		{1AA2BA31-BCC5-4246-9E92-ED9C3796B6B6}.AppStore|iPhoneSimulator.Deploy.0 = Release|x86
		{1AA2BA31-BCC5-4246-9E92-ED9C3796B6B6}.AppStore|x64.ActiveCfg = Release|x64
		{1AA2BA31-BCC5-4246-9E92-ED9C3796B6B6}.AppStore|x64.Build.0 = Release|x64
		{1AA2BA31-BCC5-4246-9E92-ED9C3796B6B6}.AppStore|x64.Deploy.0 = Release|x64
		{1AA2BA31-BCC5-4246-9E92-ED9C3796B6B6}.AppStore|x86.ActiveCfg = Release|x86
		{1AA2BA31-BCC5-4246-9E92-ED9C3796B6B6}.AppStore|x86.Build.0 = Release|x86
		{1AA2BA31-BCC5-4246-9E92-ED9C3796B6B6}.AppStore|x86.Deploy.0 = Release|x86
		{1AA2BA31-BCC5-4246-9E92-ED9C3796B6B6}.Debug|Any CPU.ActiveCfg = Debug|x86
		{1AA2BA31-BCC5-4246-9E92-ED9C3796B6B6}.Debug|Any CPU.Deploy.0 = Debug|x86
		{1AA2BA31-BCC5-4246-9E92-ED9C3796B6B6}.Debug|ARM.ActiveCfg = Debug|ARM
		{1AA2BA31-BCC5-4246-9E92-ED9C3796B6B6}.Debug|ARM.Build.0 = Debug|ARM
		{1AA2BA31-BCC5-4246-9E92-ED9C3796B6B6}.Debug|ARM.Deploy.0 = Debug|ARM
		{1AA2BA31-BCC5-4246-9E92-ED9C3796B6B6}.Debug|iPhone.ActiveCfg = Debug|x86
		{1AA2BA31-BCC5-4246-9E92-ED9C3796B6B6}.Debug|iPhoneSimulator.ActiveCfg = Debug|x86
		{1AA2BA31-BCC5-4246-9E92-ED9C3796B6B6}.Debug|x64.ActiveCfg = Debug|x64
		{1AA2BA31-BCC5-4246-9E92-ED9C3796B6B6}.Debug|x64.Build.0 = Debug|x64
		{1AA2BA31-BCC5-4246-9E92-ED9C3796B6B6}.Debug|x64.Deploy.0 = Debug|x64
		{1AA2BA31-BCC5-4246-9E92-ED9C3796B6B6}.Debug|x86.ActiveCfg = Debug|x86
		{1AA2BA31-BCC5-4246-9E92-ED9C3796B6B6}.Debug|x86.Build.0 = Debug|x86
		{1AA2BA31-BCC5-4246-9E92-ED9C3796B6B6}.Debug|x86.Deploy.0 = Debug|x86
		{1AA2BA31-BCC5-4246-9E92-ED9C3796B6B6}.Release|Any CPU.ActiveCfg = Release|x86
		{1AA2BA31-BCC5-4246-9E92-ED9C3796B6B6}.Release|ARM.ActiveCfg = Release|ARM
		{1AA2BA31-BCC5-4246-9E92-ED9C3796B6B6}.Release|ARM.Build.0 = Release|ARM
		{1AA2BA31-BCC5-4246-9E92-ED9C3796B6B6}.Release|ARM.Deploy.0 = Release|ARM
		{1AA2BA31-BCC5-4246-9E92-ED9C3796B6B6}.Release|iPhone.ActiveCfg = Release|x86
		{1AA2BA31-BCC5-4246-9E92-ED9C3796B6B6}.Release|iPhoneSimulator.ActiveCfg = Release|x86
		{1AA2BA31-BCC5-4246-9E92-ED9C3796B6B6}.Release|x64.ActiveCfg = Release|x64
		{1AA2BA31-BCC5-4246-9E92-ED9C3796B6B6}.Release|x64.Build.0 = Release|x64
		{1AA2BA31-BCC5-4246-9E92-ED9C3796B6B6}.Release|x64.Deploy.0 = Release|x64
		{1AA2BA31-BCC5-4246-9E92-ED9C3796B6B6}.Release|x86.ActiveCfg = Release|x86
		{1AA2BA31-BCC5-4246-9E92-ED9C3796B6B6}.Release|x86.Build.0 = Release|x86
		{1AA2BA31-BCC5-4246-9E92-ED9C3796B6B6}.Release|x86.Deploy.0 = Release|x86
	EndGlobalSection
	GlobalSection(SolutionProperties) = preSolution
		HideSolutionNode = FALSE
	EndGlobalSection
EndGlobal
